{
  "requires": true,
  "lockfileVersion": 1,
  "dependencies": {
    "invoice-number": {
      "version": "2.0.1",
      "resolved": "https://registry.npmjs.org/invoice-number/-/invoice-number-2.0.1.tgz",
      "integrity": "sha512-6Rr1T5gcMynAt4GsHPg4D/B+nv4DJpFfVgbwbkm+Ti8EvMwGmcS5nJb5Op0P74VhUFXOZZVS//4DkcOgT052ww=="
    }
  }
}
